
Microsoft Visual Studio Solution File, Format Version 12.00
# Visual Studio Version 17
VisualStudioVersion = 17.11.35312.102
MinimumVisualStudioVersion = 10.0.40219.1
Project("{FAE04EC0-301F-11D3-BF4B-00C04F79EFBC}") = "20231129023", "20231129023\20231129023.csproj", "{945E8308-D952-4F9F-B74E-1CB6AA779CA6}"
EndProject
Global
	GlobalSection(SolutionConfigurationPlatforms) = preSolution
		Debug|Any CPU = Debug|Any CPU
		Release|Any CPU = Release|Any CPU
	EndGlobalSection
	GlobalSection(ProjectConfigurationPlatforms) = postSolution
		{945E8308-D952-4F9F-B74E-1CB6AA779CA6}.Debug|Any CPU.ActiveCfg = Debug|Any CPU
		{945E8308-D952-4F9F-B74E-1CB6AA779CA6}.Debug|Any CPU.Build.0 = Debug|Any CPU
		{945E8308-D952-4F9F-B74E-1CB6AA779CA6}.Release|Any CPU.ActiveCfg = Release|Any CPU
		{945E8308-D952-4F9F-B74E-1CB6AA779CA6}.Release|Any CPU.Build.0 = Release|Any CPU
	EndGlobalSection
	GlobalSection(SolutionProperties) = preSolution
		HideSolutionNode = FALSE
	EndGlobalSection
	GlobalSection(ExtensibilityGlobals) = postSolution
		SolutionGuid = {AF97679D-4519-4209-9214-B8A7AF813B27}
	EndGlobalSection
EndGlobal
